{
    "name": "node-red-contrib-cip-ethernet-ip",
    "version": "1.1.2",
    "lockfileVersion": 1,
    "requires": true,
    "dependencies": {
        "dateformat": {
            "version": "3.0.3",
            "resolved": "https://registry.npmjs.org/dateformat/-/dateformat-3.0.3.tgz",
            "integrity": "sha512-jyCETtSl3VMZMWeRo7iY1FL19ges1t55hMo5yaam4Jrsm5EPL89UQkoQRyiI+Yf4k8r2ZpdngkV8hr1lIdjb3Q=="
        },
        "ethernet-ip": {
            "version": "1.2.5",
            "resolved": "https://registry.npmjs.org/ethernet-ip/-/ethernet-ip-1.2.5.tgz",
            "integrity": "sha512-6rale1ZXjxjdoZwTqPAfa2tB73Bc0t/Y/Oe1UjEJKZRp8+2aCuQ/hsvkJYdyDwA7fK+szCNg11QDzC69U/hmTA==",
            "requires": {
                "dateformat": "^3.0.3",
                "task-easy": "^0.2.0"
            }
        },
        "task-easy": {
            "version": "0.2.0",
            "resolved": "https://registry.npmjs.org/task-easy/-/task-easy-0.2.0.tgz",
            "integrity": "sha512-vjxMnoxo1zAQSguriduZXt5kOejTcGnmNuWbK2yyJtxO6KzaxR4JU8gXfZTXD6uBCnh2RWZdUcHzvHkQ5e04Ow=="
        }
    }
}
